
Microsoft Visual Studio Solution File, Format Version 12.00
# Visual Studio Version 17
VisualStudioVersion = 17.9.34622.214
MinimumVisualStudioVersion = 10.0.40219.1
Project("{9A19103F-16F7-4668-BE54-9A1E7A4F7556}") = "DCC.GALCO_FUEL_Integration", "DCC.GALCO_FUEL_Integration\DCC.GALCO_FUEL_Integration.csproj", "{A3D763E0-D7CE-4F18-91E5-14EFA723E44B}"
EndProject
Global
	GlobalSection(SolutionConfigurationPlatforms) = preSolution
		Debug|Any CPU = Debug|Any CPU
		Release|Any CPU = Release|Any CPU
	EndGlobalSection
	GlobalSection(ProjectConfigurationPlatforms) = postSolution
		{A3D763E0-D7CE-4F18-91E5-14EFA723E44B}.Debug|Any CPU.ActiveCfg = Debug|Any CPU
		{A3D763E0-D7CE-4F18-91E5-14EFA723E44B}.Debug|Any CPU.Build.0 = Debug|Any CPU
		{A3D763E0-D7CE-4F18-91E5-14EFA723E44B}.Release|Any CPU.ActiveCfg = Release|Any CPU
		{A3D763E0-D7CE-4F18-91E5-14EFA723E44B}.Release|Any CPU.Build.0 = Release|Any CPU
	EndGlobalSection
	GlobalSection(SolutionProperties) = preSolution
		HideSolutionNode = FALSE
	EndGlobalSection
	GlobalSection(ExtensibilityGlobals) = postSolution
		SolutionGuid = {C71FDF2C-C132-4F79-9B19-0A0D044A8C83}
	EndGlobalSection
EndGlobal
